
Microsoft Visual Studio Solution File, Format Version 12.00
# Visual Studio Version 16
VisualStudioVersion = 16.0.30907.101
MinimumVisualStudioVersion = 10.0.40219.1
Project("{FAE04EC0-301F-11D3-BF4B-00C04F79EFBC}") = "RogueMates", "RogueMates\RogueMates.csproj", "{4FB887C9-84E9-42DF-A504-C833D31771DD}"
EndProject
Global
	GlobalSection(SolutionConfigurationPlatforms) = preSolution
		Debug|Any CPU = Debug|Any CPU
		Release|Any CPU = Release|Any CPU
	EndGlobalSection
	GlobalSection(ProjectConfigurationPlatforms) = postSolution
		{4FB887C9-84E9-42DF-A504-C833D31771DD}.Debug|Any CPU.ActiveCfg = Debug|Any CPU
		{4FB887C9-84E9-42DF-A504-C833D31771DD}.Debug|Any CPU.Build.0 = Debug|Any CPU
		{4FB887C9-84E9-42DF-A504-C833D31771DD}.Release|Any CPU.ActiveCfg = Release|Any CPU
		{4FB887C9-84E9-42DF-A504-C833D31771DD}.Release|Any CPU.Build.0 = Release|Any CPU
	EndGlobalSection
	GlobalSection(SolutionProperties) = preSolution
		HideSolutionNode = FALSE
	EndGlobalSection
	GlobalSection(ExtensibilityGlobals) = postSolution
		SolutionGuid = {8FAB0A62-CC6D-4F3D-B3BB-D78D200B166A}
	EndGlobalSection
EndGlobal
